dependencies:
  espressif/esp_h264:
    component_hash: 5ccc09adefccabade1530b9dd106d07c3c96e991dc35b5516063165ef60c5646
    source:
      service_url: https://api.components.espressif.com/
      type: service
    version: 1.3.6
  idf:
    component_hash: null
    source:
      type: idf
    version: 4.4.7
manifest_hash: 1a86f00dc840d2ec01c9cf8a28e5f962538f5f332daca2378f424369f7ac6cfe
target: esp32s3
version: 1.0.0
